// !$*UTF8*$!
{
	archiveVersion = 1;
	classes = {
	};
	objectVersion = 55;
	objects = {

/* Begin PBXBuildFile section */
		22786AD1296D2C8300CE76F3 /* main.m in Sources */ = {isa = PBXBuildFile; fileRef = 22786AD0296D2C8300CE76F3 /* main.m */; };
		22786AD9296D491D00CE76F3 /* Rectangle.m in Sources */ = {isa = PBXBuildFile; fileRef = 22786AD8296D491D00CE76F3 /* Rectangle.m */; };
		22786ADC296D4BD400CE76F3 /* Square.m in Sources */ = {isa = PBXBuildFile; fileRef = 22786ADB296D4BD400CE76F3 /* Square.m */; };
		22786ADF296E76F400CE76F3 /* UseProperty.m in Sources */ = {isa = PBXBuildFile; fileRef = 22786ADE296E76F400CE76F3 /* UseProperty.m */; };
/* End PBXBuildFile section */

/* Begin PBXCopyFilesBuildPhase section */
		22786ACB296D2C8300CE76F3 /* CopyFiles */ = {
			isa = PBXCopyFilesBuildPhase;
			buildActionMask = 2147483647;
			dstPath = /usr/share/man/man1/;
			dstSubfolderSpec = 0;
			files = (
			);
			runOnlyForDeploymentPostprocessing = 1;
		};
/* End PBXCopyFilesBuildPhase section */

/* Begin PBXFileReference section */
		22786ACD296D2C8300CE76F3 /* objcHelloWorld */ = {isa = PBXFileReference; explicitFileType = "compiled.mach-o.executable"; includeInIndex = 0; path = objcHelloWorld; sourceTree = BUILT_PRODUCTS_DIR; };
		22786AD0296D2C8300CE76F3 /* main.m */ = {isa = PBXFileReference; lastKnownFileType = sourcecode.c.objc; path = main.m; sourceTree = "<group>"; };
		22786AD7296D491D00CE76F3 /* Rectangle.h */ = {isa = PBXFileReference; lastKnownFileType = sourcecode.c.h; path = Rectangle.h; sourceTree = "<group>"; };
		22786AD8296D491D00CE76F3 /* Rectangle.m */ = {isa = PBXFileReference; lastKnownFileType = sourcecode.c.objc; path = Rectangle.m; sourceTree = "<group>"; };
		22786ADA296D4BD400CE76F3 /* Square.h */ = {isa = PBXFileReference; lastKnownFileType = sourcecode.c.h; path = Square.h; sourceTree = "<group>"; };
		22786ADB296D4BD400CE76F3 /* Square.m */ = {isa = PBXFileReference; lastKnownFileType = sourcecode.c.objc; path = Square.m; sourceTree = "<group>"; };
		22786ADD296E76F400CE76F3 /* UseProperty.h */ = {isa = PBXFileReference; lastKnownFileType = sourcecode.c.h; path = UseProperty.h; sourceTree = "<group>"; };
		22786ADE296E76F400CE76F3 /* UseProperty.m */ = {isa = PBXFileReference; lastKnownFileType = sourcecode.c.objc; path = UseProperty.m; sourceTree = "<group>"; };
/* End PBXFileReference section */

/* Begin PBXFrameworksBuildPhase section */
		22786ACA296D2C8300CE76F3 /* Frameworks */ = {
			isa = PBXFrameworksBuildPhase;
			buildActionMask = 2147483647;
			files = (
			);
			runOnlyForDeploymentPostprocessing = 0;
		};
/* End PBXFrameworksBuildPhase section */

/* Begin PBXGroup section */
		22786AC4296D2C8300CE76F3 = {
			isa = PBXGroup;
			children = (
				22786ACF296D2C8300CE76F3 /* objcHelloWorld */,
				22786ACE296D2C8300CE76F3 /* Products */,
			);
			sourceTree = "<group>";
		};
		22786ACE296D2C8300CE76F3 /* Products */ = {
			isa = PBXGroup;
			children = (
				22786ACD296D2C8300CE76F3 /* objcHelloWorld */,
			);
			name = Products;
			sourceTree = "<group>";
		};
		22786ACF296D2C8300CE76F3 /* objcHelloWorld */ = {
			isa = PBXGroup;
			children = (
				22786AD0296D2C8300CE76F3 /* main.m */,
				22786AD7296D491D00CE76F3 /* Rectangle.h */,
				22786AD8296D491D00CE76F3 /* Rectangle.m */,
				22786ADA296D4BD400CE76F3 /* Square.h */,
				22786ADB296D4BD400CE76F3 /* Square.m */,
				22786ADD296E76F400CE76F3 /* UseProperty.h */,
				22786ADE296E76F400CE76F3 /* UseProperty.m */,
			);
			path = objcHelloWorld;
			sourceTree = "<group>";
		};
/* End PBXGroup section */

/* Begin PBXNativeTarget section */
		22786ACC296D2C8300CE76F3 /* objcHelloWorld */ = {
			isa = PBXNativeTarget;
			buildConfigurationList = 22786AD4296D2C8300CE76F3 /* Build configuration list for PBXNativeTarget "objcHelloWorld" */;
			buildPhases = (
				22786AC9296D2C8300CE76F3 /* Sources */,
				22786ACA296D2C8300CE76F3 /* Frameworks */,
				22786ACB296D2C8300CE76F3 /* CopyFiles */,
			);
			buildRules = (
			);
			dependencies = (
			);
			name = objcHelloWorld;
			productName = objcHelloWorld;
			productReference = 22786ACD296D2C8300CE76F3 /* objcHelloWorld */;
			productType = "com.apple.product-type.tool";
		};
/* End PBXNativeTarget section */

/* Begin PBXProject section */
		22786AC5296D2C8300CE76F3 /* Project object */ = {
			isa = PBXProject;
			attributes = {
				BuildIndependentTargetsInParallel = 1;
				LastUpgradeCheck = 1340;
				TargetAttributes = {
					22786ACC296D2C8300CE76F3 = {
						CreatedOnToolsVersion = 13.4.1;
					};
				};
			};
			buildConfigurationList = 22786AC8296D2C8300CE76F3 /* Build configuration list for PBXProject "objcHelloWorld" */;
			compatibilityVersion = "Xcode 13.0";
			developmentRegion = en;
			hasScannedForEncodings = 0;
			knownRegions = (
				en,
				Base,
			);
			mainGroup = 22786AC4296D2C8300CE76F3;
			productRefGroup = 22786ACE296D2C8300CE76F3 /* Products */;
			projectDirPath = "";
			projectRoot = "";
			targets = (
				22786ACC296D2C8300CE76F3 /* objcHelloWorld */,
			);
		};
/* End PBXProject section */

/* Begin PBXSourcesBuildPhase section */
		22786AC9296D2C8300CE76F3 /* Sources */ = {
			isa = PBXSourcesBuildPhase;
			buildActionMask = 2147483647;
			files = (
				22786ADC296D4BD400CE76F3 /* Square.m in Sources */,
				22786AD1296D2C8300CE76F3 /* main.m in Sources */,
				22786ADF296E76F400CE76F3 /* UseProperty.m in Sources */,
				22786AD9296D491D00CE76F3 /* Rectangle.m in Sources */,
			);
			runOnlyForDeploymentPostprocessing = 0;
		};
/* End PBXSourcesBuildPhase section */

/* Begin XCBuildConfiguration section */
		22786AD2296D2C8300CE76F3 /* Debug */ = {
			isa = XCBuildConfiguration;
			buildSettings = {
				ALWAYS_SEARCH_USER_PATHS = NO;
				CLANG_ANALYZER_NONNULL = YES;
				CLANG_ANALYZER_NUMBER_OBJECT_CONVERSION = YES_AGGRESSIVE;
				CLANG_CXX_LANGUAGE_STANDARD = "gnu++17";
				CLANG_ENABLE_MODULES = YES;
				CLANG_ENABLE_OBJC_ARC = YES;
				CLANG_ENABLE_OBJC_WEAK = YES;
				CLANG_WARN_BLOCK_CAPTURE_AUTORELEASING = YES;
				CLANG_WARN_BOOL_CONVERSION = YES;
				CLANG_WARN_COMMA = YES;
				CLANG_WARN_CONSTANT_CONVERSION = YES;
				CLANG_WARN_DEPRECATED_OBJC_IMPLEMENTATIONS = YES;
				CLANG_WARN_DIRECT_OBJC_ISA_USAGE = YES_ERROR;
				CLANG_WARN_DOCUMENTATION_COMMENTS = YES;
				CLANG_WARN_EMPTY_BODY = YES;
				CLANG_WARN_ENUM_CONVERSION = YES;
				CLANG_WARN_INFINITE_RECURSION = YES;
				CLANG_WARN_INT_CONVERSION = YES;
				CLANG_WARN_NON_LITERAL_NULL_CONVERSION = YES;
				CLANG_WARN_OBJC_IMPLICIT_RETAIN_SELF = YES;
				CLANG_WARN_OBJC_LITERAL_CONVERSION = YES;
				CLANG_WARN_OBJC_ROOT_CLASS = YES_ERROR;
				CLANG_WARN_QUOTED_INCLUDE_IN_FRAMEWORK_HEADER = YES;
				CLANG_WARN_RANGE_LOOP_ANALYSIS = YES;
				CLANG_WARN_STRICT_PROTOTYPES = YES;
				CLANG_WARN_SUSPICIOUS_MOVE = YES;
				CLANG_WARN_UNGUARDED_AVAILABILITY = YES_AGGRESSIVE;
				CLANG_WARN_UNREACHABLE_CODE = YES;
				CLANG_WARN__DUPLICATE_METHOD_MATCH = YES;
				COPY_PHASE_STRIP = NO;
				DEBUG_INFORMATION_FORMAT = dwarf;
				ENABLE_STRICT_OBJC_MSGSEND = YES;
				ENABLE_TESTABILITY = YES;
				GCC_C_LANGUAGE_STANDARD = gnu11;
				GCC_DYNAMIC_NO_PIC = NO;
				GCC_NO_COMMON_BLOCKS = YES;
				GCC_OPTIMIZATION_LEVEL = 0;
				GCC_PREPROCESSOR_DEFINITIONS = (
					"DEBUG=1",
					"$(inherited)",
				);
				GCC_WARN_64_TO_32_BIT_CONVERSION = YES;
				GCC_WARN_ABOUT_RETURN_TYPE = YES_ERROR;
				GCC_WARN_UNDECLARED_SELECTOR = YES;
				GCC_WARN_UNINITIALIZED_AUTOS = YES_AGGRESSIVE;
				GCC_WARN_UNUSED_FUNCTION = YES;
				GCC_WARN_UNUSED_VARIABLE = YES;
				MACOSX_DEPLOYMENT_TARGET = 12.3;
				MTL_ENABLE_DEBUG_INFO = INCLUDE_SOURCE;
				MTL_FAST_MATH = YES;
				ONLY_ACTIVE_ARCH = YES;
				SDKROOT = macosx;
			};
			name = Debug;
		};
		22786AD3296D2C8300CE76F3 /* Release */ = {
			isa = XCBuildConfiguration;
			buildSettings = {
				ALWAYS_SEARCH_USER_PATHS = NO;
				CLANG_ANALYZER_NONNULL = YES;
				CLANG_ANALYZER_NUMBER_OBJECT_CONVERSION = YES_AGGRESSIVE;
				CLANG_CXX_LANGUAGE_STANDARD = "gnu++17";
				CLANG_ENABLE_MODULES = YES;
				CLANG_ENABLE_OBJC_ARC = YES;
				CLANG_ENABLE_OBJC_WEAK = YES;
				CLANG_WARN_BLOCK_CAPTURE_AUTORELEASING = YES;
				CLANG_WARN_BOOL_CONVERSION = YES;
				CLANG_WARN_COMMA = YES;
				CLANG_WARN_CONSTANT_CONVERSION = YES;
				CLANG_WARN_DEPRECATED_OBJC_IMPLEMENTATIONS = YES;
				CLANG_WARN_DIRECT_OBJC_ISA_USAGE = YES_ERROR;
				CLANG_WARN_DOCUMENTATION_COMMENTS = YES;
				CLANG_WARN_EMPTY_BODY = YES;
				CLANG_WARN_ENUM_CONVERSION = YES;
				CLANG_WARN_INFINITE_RECURSION = YES;
				CLANG_WARN_INT_CONVERSION = YES;
				CLANG_WARN_NON_LITERAL_NULL_CONVERSION = YES;
				CLANG_WARN_OBJC_IMPLICIT_RETAIN_SELF = YES;
				CLANG_WARN_OBJC_LITERAL_CONVERSION = YES;
				CLANG_WARN_OBJC_ROOT_CLASS = YES_ERROR;
				CLANG_WARN_QUOTED_INCLUDE_IN_FRAMEWORK_HEADER = YES;
				CLANG_WARN_RANGE_LOOP_ANALYSIS = YES;
				CLANG_WARN_STRICT_PROTOTYPES = YES;
				CLANG_WARN_SUSPICIOUS_MOVE = YES;
				CLANG_WARN_UNGUARDED_AVAILABILITY = YES_AGGRESSIVE;
				CLANG_WARN_UNREACHABLE_CODE = YES;
				CLANG_WARN__DUPLICATE_METHOD_MATCH = YES;
				COPY_PHASE_STRIP = NO;
				DEBUG_INFORMATION_FORMAT = "dwarf-with-dsym";
				ENABLE_NS_ASSERTIONS = NO;
				ENABLE_STRICT_OBJC_MSGSEND = YES;
				GCC_C_LANGUAGE_STANDARD = gnu11;
				GCC_NO_COMMON_BLOCKS = YES;
				GCC_WARN_64_TO_32_BIT_CONVERSION = YES;
				GCC_WARN_ABOUT_RETURN_TYPE = YES_ERROR;
				GCC_WARN_UNDECLARED_SELECTOR = YES;
				GCC_WARN_UNINITIALIZED_AUTOS = YES_AGGRESSIVE;
				GCC_WARN_UNUSED_FUNCTION = YES;
				GCC_WARN_UNUSED_VARIABLE = YES;
				MACOSX_DEPLOYMENT_TARGET = 12.3;
				MTL_ENABLE_DEBUG_INFO = NO;
				MTL_FAST_MATH = YES;
				SDKROOT = macosx;
			};
			name = Release;
		};
		22786AD5296D2C8300CE76F3 /* Debug */ = {
			isa = XCBuildConfiguration;
			buildSettings = {
				CODE_SIGN_STYLE = Automatic;
				PRODUCT_NAME = "$(TARGET_NAME)";
			};
			name = Debug;
		};
		22786AD6296D2C8300CE76F3 /* Release */ = {
			isa = XCBuildConfiguration;
			buildSettings = {
				CODE_SIGN_STYLE = Automatic;
				PRODUCT_NAME = "$(TARGET_NAME)";
			};
			name = Release;
		};
/* End XCBuildConfiguration section */

/* Begin XCConfigurationList section */
		22786AC8296D2C8300CE76F3 /* Build configuration list for PBXProject "objcHelloWorld" */ = {
			isa = XCConfigurationList;
			buildConfigurations = (
				22786AD2296D2C8300CE76F3 /* Debug */,
				22786AD3296D2C8300CE76F3 /* Release */,
			);
			defaultConfigurationIsVisible = 0;
			defaultConfigurationName = Release;
		};
		22786AD4296D2C8300CE76F3 /* Build configuration list for PBXNativeTarget "objcHelloWorld" */ = {
			isa = XCConfigurationList;
			buildConfigurations = (
				22786AD5296D2C8300CE76F3 /* Debug */,
				22786AD6296D2C8300CE76F3 /* Release */,
			);
			defaultConfigurationIsVisible = 0;
			defaultConfigurationName = Release;
		};
/* End XCConfigurationList section */
	};
	rootObject = 22786AC5296D2C8300CE76F3 /* Project object */;
}
